{
  "version": 4,
  "terraform_version": "1.14.7",
  "serial": 1,
  "lineage": "9a7b0001-daa9-e0d7-5280-ca0b1a2870b1",
  "outputs": {},
  "resources": [
    {
      "mode": "managed",
      "type": "local_file",
      "name": "products",
      "provider": "provider[\"registry.terraform.io/hashicorp/local\"]",
      "instances": [
        {
          "schema_version": 0,
          "attributes": {
            "content": "list of product",
            "content_base64": null,
            "content_base64sha256": "q9ei9kV0UhI67hKQijo/bLKLNvT5hiF4gFcMUUo6EdY=",
            "content_base64sha512": "tUKPcpBCK+81CDAYY8lTVrxNVocHNQm7YOYz5m+rrJlKXwtlbxi0+JFwVaM+6UyqfPFdTjrhqtqcp0q3WMDHsA==",
            "content_md5": "452ab66ea06077f8f98bd03bda623fc9",
            "content_sha1": "0a8296c7b9a77eff7c6ded4695ebe7cecb134cd2",
            "content_sha256": "abd7a2f6457452123aee12908a3a3f6cb28b36f4f986217880570c514a3a11d6",
            "content_sha512": "b5428f7290422bef3508301863c95356bc4d5687073509bb60e633e66fabac994a5f0b656f18b4f8917055a33ee94caa7cf15d4e3ae1aada9ca74ab758c0c7b0",
            "directory_permission": "0777",
            "file_permission": "0777",
            "filename": "products.txt",
            "id": "0a8296c7b9a77eff7c6ded4695ebe7cecb134cd2",
            "sensitive_content": null,
            "source": null
          },
          "sensitive_attributes": [
            [
              {
                "type": "get_attr",
                "value": "sensitive_content"
              }
            ]
          ],
          "identity_schema_version": 0
        }
      ]
    }
  ],
  "check_results": null
}
